
Microsoft Visual Studio Solution File, Format Version 12.00
# Visual Studio Version 16
VisualStudioVersion = 16.0.31129.286
MinimumVisualStudioVersion = 10.0.40219.1
Project("{9A19103F-16F7-4668-BE54-9A1E7A4F7556}") = "ImagePanelWPF", "ImagePanelWPF.csproj", "{F3430E32-943A-460E-8B1E-4B637E241597}"
EndProject
Project("{9A19103F-16F7-4668-BE54-9A1E7A4F7556}") = "ImagePanelLibrary", "..\ImagePanelLibrary\ImagePanelLibrary.csproj", "{C705FB53-0EDC-4743-BA04-8BBA228C24DD}"
EndProject
Global
	GlobalSection(SolutionConfigurationPlatforms) = preSolution
		Debug|Any CPU = Debug|Any CPU
		Release|Any CPU = Release|Any CPU
	EndGlobalSection
	GlobalSection(ProjectConfigurationPlatforms) = postSolution
		{F3430E32-943A-460E-8B1E-4B637E241597}.Debug|Any CPU.ActiveCfg = Debug|Any CPU
		{F3430E32-943A-460E-8B1E-4B637E241597}.Debug|Any CPU.Build.0 = Debug|Any CPU
		{F3430E32-943A-460E-8B1E-4B637E241597}.Release|Any CPU.ActiveCfg = Release|Any CPU
		{F3430E32-943A-460E-8B1E-4B637E241597}.Release|Any CPU.Build.0 = Release|Any CPU
		{C705FB53-0EDC-4743-BA04-8BBA228C24DD}.Debug|Any CPU.ActiveCfg = Debug|Any CPU
		{C705FB53-0EDC-4743-BA04-8BBA228C24DD}.Debug|Any CPU.Build.0 = Debug|Any CPU
		{C705FB53-0EDC-4743-BA04-8BBA228C24DD}.Release|Any CPU.ActiveCfg = Release|Any CPU
		{C705FB53-0EDC-4743-BA04-8BBA228C24DD}.Release|Any CPU.Build.0 = Release|Any CPU
	EndGlobalSection
	GlobalSection(SolutionProperties) = preSolution
		HideSolutionNode = FALSE
	EndGlobalSection
	GlobalSection(ExtensibilityGlobals) = postSolution
		SolutionGuid = {79C9C4A2-B9A0-4581-A10A-E37DF30DD05E}
	EndGlobalSection
EndGlobal
